
Microsoft Visual Studio Solution File, Format Version 12.00
# Visual Studio 2012
Project("{FAE04EC0-301F-11D3-BF4B-00C04F79EFBC}") = "Pulsus.SharePoint", "Pulsus.SharePoint.csproj", "{DC496292-AE61-4129-8621-E956374704B8}"
EndProject
Project("{FAE04EC0-301F-11D3-BF4B-00C04F79EFBC}") = "Pulsus", "..\..\Pulsus\Pulsus.csproj", "{65BEE1C8-459A-46FA-90C6-4467EDE2E012}"
EndProject
Project("{FAE04EC0-301F-11D3-BF4B-00C04F79EFBC}") = "Pulsus.Tests", "..\..\Pulsus.Tests\Pulsus.Tests.csproj", "{3B96CB2C-DFE0-4993-B0FD-A881F65FFC0D}"
EndProject
Global
	GlobalSection(SolutionConfigurationPlatforms) = preSolution
		Debug|Any CPU = Debug|Any CPU
		Release|Any CPU = Release|Any CPU
	EndGlobalSection
	GlobalSection(ProjectConfigurationPlatforms) = postSolution
		{DC496292-AE61-4129-8621-E956374704B8}.Debug|Any CPU.ActiveCfg = Debug|Any CPU
		{DC496292-AE61-4129-8621-E956374704B8}.Debug|Any CPU.Build.0 = Debug|Any CPU
		{DC496292-AE61-4129-8621-E956374704B8}.Debug|Any CPU.Deploy.0 = Debug|Any CPU
		{DC496292-AE61-4129-8621-E956374704B8}.Release|Any CPU.ActiveCfg = Release|Any CPU
		{DC496292-AE61-4129-8621-E956374704B8}.Release|Any CPU.Build.0 = Release|Any CPU
		{DC496292-AE61-4129-8621-E956374704B8}.Release|Any CPU.Deploy.0 = Release|Any CPU
		{65BEE1C8-459A-46FA-90C6-4467EDE2E012}.Debug|Any CPU.ActiveCfg = Debug|Any CPU
		{65BEE1C8-459A-46FA-90C6-4467EDE2E012}.Debug|Any CPU.Build.0 = Debug|Any CPU
		{65BEE1C8-459A-46FA-90C6-4467EDE2E012}.Release|Any CPU.ActiveCfg = Release|Any CPU
		{65BEE1C8-459A-46FA-90C6-4467EDE2E012}.Release|Any CPU.Build.0 = Release|Any CPU
		{3B96CB2C-DFE0-4993-B0FD-A881F65FFC0D}.Debug|Any CPU.ActiveCfg = Debug|Any CPU
		{3B96CB2C-DFE0-4993-B0FD-A881F65FFC0D}.Debug|Any CPU.Build.0 = Debug|Any CPU
		{3B96CB2C-DFE0-4993-B0FD-A881F65FFC0D}.Release|Any CPU.ActiveCfg = Release|Any CPU
		{3B96CB2C-DFE0-4993-B0FD-A881F65FFC0D}.Release|Any CPU.Build.0 = Release|Any CPU
	EndGlobalSection
	GlobalSection(SolutionProperties) = preSolution
		HideSolutionNode = FALSE
	EndGlobalSection
EndGlobal
