
Microsoft Visual Studio Solution File, Format Version 12.00
# Visual Studio 2012
Project("{FAE04EC0-301F-11D3-BF4B-00C04F79EFBC}") = "Pulsus.Mvc", "Pulsus.Mvc\Pulsus.Mvc.csproj", "{F7489518-4A5C-4285-9A23-61E89F34EEE2}"
EndProject
Project("{2150E333-8FDC-42A3-9474-1A3956D46DE8}") = ".nuget", ".nuget", "{6D7501D0-39F4-46D2-B737-CC5BC8568BAB}"
	ProjectSection(SolutionItems) = preProject
		..\tools\.nuget\NuGet.Config = ..\tools\.nuget\NuGet.Config
		..\tools\.nuget\nuget.exe = ..\tools\.nuget\nuget.exe
		..\tools\.nuget\NuGet.targets = ..\tools\.nuget\NuGet.targets
	EndProjectSection
EndProject
Project("{FAE04EC0-301F-11D3-BF4B-00C04F79EFBC}") = "Pulsus", "Pulsus\Pulsus.csproj", "{65BEE1C8-459A-46FA-90C6-4467EDE2E012}"
EndProject
Project("{2150E333-8FDC-42A3-9474-1A3956D46DE8}") = "nuspec", "nuspec", "{3A340036-EA3C-4FDE-8909-77312C08C4EB}"
	ProjectSection(SolutionItems) = preProject
		nuspec\pack.cmd = nuspec\pack.cmd
		nuspec\Pulsus.Mvc.nuspec = nuspec\Pulsus.Mvc.nuspec
		nuspec\Pulsus.nuspec = nuspec\Pulsus.nuspec
		nuspec\Pulsus.Server.nuspec = nuspec\Pulsus.Server.nuspec
		nuspec\Pulsus.Web.nuspec = nuspec\Pulsus.Web.nuspec
	EndProjectSection
EndProject
Project("{FAE04EC0-301F-11D3-BF4B-00C04F79EFBC}") = "Pulsus.Tests", "Pulsus.Tests\Pulsus.Tests.csproj", "{3B96CB2C-DFE0-4993-B0FD-A881F65FFC0D}"
EndProject
Project("{FAE04EC0-301F-11D3-BF4B-00C04F79EFBC}") = "SampleApp", "..\samples\SampleApp\SampleApp.csproj", "{377B7691-D2D9-4451-A7AA-DC478B5F9C25}"
EndProject
Project("{FAE04EC0-301F-11D3-BF4B-00C04F79EFBC}") = "Pulsus.Net4", "Pulsus.Net4\Pulsus.Net4.csproj", "{A0AC0A9A-0145-43FE-A850-9BBDF5701B60}"
EndProject
Project("{FAE04EC0-301F-11D3-BF4B-00C04F79EFBC}") = "Pulsus.Server", "Pulsus.Server\Pulsus.Server.csproj", "{2672BD6D-1D55-4AEC-86F2-AEB05F548FF5}"
EndProject
Project("{FAE04EC0-301F-11D3-BF4B-00C04F79EFBC}") = "SampleServer", "..\samples\SampleServer\SampleServer.csproj", "{8604AE21-0439-474B-91C3-BA462C7CAD17}"
EndProject
Project("{FAE04EC0-301F-11D3-BF4B-00C04F79EFBC}") = "SampleConsole", "..\samples\SampleConsole\SampleConsole.csproj", "{FAFBEF0C-F898-4058-8158-33BB363D96ED}"
EndProject
Project("{2150E333-8FDC-42A3-9474-1A3956D46DE8}") = "Samples", "Samples", "{67BCDE09-3B50-42CE-ABC9-746872DDE8E0}"
EndProject
Project("{FAE04EC0-301F-11D3-BF4B-00C04F79EFBC}") = "Pulsus.Web", "Pulsus.Web\Pulsus.Web.csproj", "{D7B90DA4-3BC1-4285-899E-674DE0A811CF}"
EndProject
Global
	GlobalSection(SolutionConfigurationPlatforms) = preSolution
		Debug|Any CPU = Debug|Any CPU
		Release|Any CPU = Release|Any CPU
	EndGlobalSection
	GlobalSection(ProjectConfigurationPlatforms) = postSolution
		{F7489518-4A5C-4285-9A23-61E89F34EEE2}.Debug|Any CPU.ActiveCfg = Debug|Any CPU
		{F7489518-4A5C-4285-9A23-61E89F34EEE2}.Debug|Any CPU.Build.0 = Debug|Any CPU
		{F7489518-4A5C-4285-9A23-61E89F34EEE2}.Release|Any CPU.ActiveCfg = Release|Any CPU
		{F7489518-4A5C-4285-9A23-61E89F34EEE2}.Release|Any CPU.Build.0 = Release|Any CPU
		{65BEE1C8-459A-46FA-90C6-4467EDE2E012}.Debug|Any CPU.ActiveCfg = Debug|Any CPU
		{65BEE1C8-459A-46FA-90C6-4467EDE2E012}.Debug|Any CPU.Build.0 = Debug|Any CPU
		{65BEE1C8-459A-46FA-90C6-4467EDE2E012}.Release|Any CPU.ActiveCfg = Release|Any CPU
		{65BEE1C8-459A-46FA-90C6-4467EDE2E012}.Release|Any CPU.Build.0 = Release|Any CPU
		{3B96CB2C-DFE0-4993-B0FD-A881F65FFC0D}.Debug|Any CPU.ActiveCfg = Debug|Any CPU
		{3B96CB2C-DFE0-4993-B0FD-A881F65FFC0D}.Debug|Any CPU.Build.0 = Debug|Any CPU
		{3B96CB2C-DFE0-4993-B0FD-A881F65FFC0D}.Release|Any CPU.ActiveCfg = Release|Any CPU
		{3B96CB2C-DFE0-4993-B0FD-A881F65FFC0D}.Release|Any CPU.Build.0 = Release|Any CPU
		{377B7691-D2D9-4451-A7AA-DC478B5F9C25}.Debug|Any CPU.ActiveCfg = Debug|Any CPU
		{377B7691-D2D9-4451-A7AA-DC478B5F9C25}.Debug|Any CPU.Build.0 = Debug|Any CPU
		{377B7691-D2D9-4451-A7AA-DC478B5F9C25}.Release|Any CPU.ActiveCfg = Release|Any CPU
		{377B7691-D2D9-4451-A7AA-DC478B5F9C25}.Release|Any CPU.Build.0 = Release|Any CPU
		{A0AC0A9A-0145-43FE-A850-9BBDF5701B60}.Debug|Any CPU.ActiveCfg = Debug|Any CPU
		{A0AC0A9A-0145-43FE-A850-9BBDF5701B60}.Debug|Any CPU.Build.0 = Debug|Any CPU
		{A0AC0A9A-0145-43FE-A850-9BBDF5701B60}.Release|Any CPU.ActiveCfg = Release|Any CPU
		{A0AC0A9A-0145-43FE-A850-9BBDF5701B60}.Release|Any CPU.Build.0 = Release|Any CPU
		{2672BD6D-1D55-4AEC-86F2-AEB05F548FF5}.Debug|Any CPU.ActiveCfg = Debug|Any CPU
		{2672BD6D-1D55-4AEC-86F2-AEB05F548FF5}.Debug|Any CPU.Build.0 = Debug|Any CPU
		{2672BD6D-1D55-4AEC-86F2-AEB05F548FF5}.Release|Any CPU.ActiveCfg = Release|Any CPU
		{2672BD6D-1D55-4AEC-86F2-AEB05F548FF5}.Release|Any CPU.Build.0 = Release|Any CPU
		{8604AE21-0439-474B-91C3-BA462C7CAD17}.Debug|Any CPU.ActiveCfg = Debug|Any CPU
		{8604AE21-0439-474B-91C3-BA462C7CAD17}.Debug|Any CPU.Build.0 = Debug|Any CPU
		{8604AE21-0439-474B-91C3-BA462C7CAD17}.Release|Any CPU.ActiveCfg = Release|Any CPU
		{8604AE21-0439-474B-91C3-BA462C7CAD17}.Release|Any CPU.Build.0 = Release|Any CPU
		{FAFBEF0C-F898-4058-8158-33BB363D96ED}.Debug|Any CPU.ActiveCfg = Debug|Any CPU
		{FAFBEF0C-F898-4058-8158-33BB363D96ED}.Debug|Any CPU.Build.0 = Debug|Any CPU
		{FAFBEF0C-F898-4058-8158-33BB363D96ED}.Release|Any CPU.ActiveCfg = Release|Any CPU
		{FAFBEF0C-F898-4058-8158-33BB363D96ED}.Release|Any CPU.Build.0 = Release|Any CPU
		{D7B90DA4-3BC1-4285-899E-674DE0A811CF}.Debug|Any CPU.ActiveCfg = Debug|Any CPU
		{D7B90DA4-3BC1-4285-899E-674DE0A811CF}.Debug|Any CPU.Build.0 = Debug|Any CPU
		{D7B90DA4-3BC1-4285-899E-674DE0A811CF}.Release|Any CPU.ActiveCfg = Release|Any CPU
		{D7B90DA4-3BC1-4285-899E-674DE0A811CF}.Release|Any CPU.Build.0 = Release|Any CPU
	EndGlobalSection
	GlobalSection(SolutionProperties) = preSolution
		HideSolutionNode = FALSE
	EndGlobalSection
	GlobalSection(NestedProjects) = preSolution
		{8604AE21-0439-474B-91C3-BA462C7CAD17} = {67BCDE09-3B50-42CE-ABC9-746872DDE8E0}
		{FAFBEF0C-F898-4058-8158-33BB363D96ED} = {67BCDE09-3B50-42CE-ABC9-746872DDE8E0}
		{377B7691-D2D9-4451-A7AA-DC478B5F9C25} = {67BCDE09-3B50-42CE-ABC9-746872DDE8E0}
	EndGlobalSection
EndGlobal
